
Microsoft Visual Studio Solution File, Format Version 12.00
# Visual Studio Version 17
VisualStudioVersion = 17.0.31903.59
MinimumVisualStudioVersion = 10.0.40219.1
Project("{FAE04EC0-301F-11D3-BF4B-00C04F79EFBC}") = "Hrm.Domain.Shared", "Hrm.Domain.Shared\Hrm.Domain.Shared.csproj", "{DDC7FF93-3556-41FC-B575-B54D9208602A}"
EndProject
Project("{FAE04EC0-301F-11D3-BF4B-00C04F79EFBC}") = "Hrm.Domain", "Hrm.Domain\Hrm.Domain.csproj", "{46BE5066-ED42-4EEA-8CAA-E08C068A7E4D}"
EndProject
Project("{FAE04EC0-301F-11D3-BF4B-00C04F79EFBC}") = "Hrm.Application", "Hrm.Application\Hrm.Application.csproj", "{67255FC4-BCC2-4E64-B2C1-861E52D3A9F9}"
EndProject
Project("{FAE04EC0-301F-11D3-BF4B-00C04F79EFBC}") = "Hrm.Infrastructure", "Hrm.Infrastructure\Hrm.Infrastructure.csproj", "{2C668A3F-4BE1-4493-98DE-F90C3A135464}"
EndProject
Project("{FAE04EC0-301F-11D3-BF4B-00C04F79EFBC}") = "Hrm.Host", "Hrm.Host\Hrm.Host.csproj", "{2A0C62E0-59A2-4200-8952-A0E4EBB44CE0}"
EndProject
Global
	GlobalSection(SolutionConfigurationPlatforms) = preSolution
		Debug|Any CPU = Debug|Any CPU
		Debug|x64 = Debug|x64
		Debug|x86 = Debug|x86
		Release|Any CPU = Release|Any CPU
		Release|x64 = Release|x64
		Release|x86 = Release|x86
	EndGlobalSection
	GlobalSection(ProjectConfigurationPlatforms) = postSolution
		{DDC7FF93-3556-41FC-B575-B54D9208602A}.Debug|Any CPU.ActiveCfg = Debug|Any CPU
		{DDC7FF93-3556-41FC-B575-B54D9208602A}.Debug|Any CPU.Build.0 = Debug|Any CPU
		{DDC7FF93-3556-41FC-B575-B54D9208602A}.Debug|x64.ActiveCfg = Debug|Any CPU
		{DDC7FF93-3556-41FC-B575-B54D9208602A}.Debug|x64.Build.0 = Debug|Any CPU
		{DDC7FF93-3556-41FC-B575-B54D9208602A}.Debug|x86.ActiveCfg = Debug|Any CPU
		{DDC7FF93-3556-41FC-B575-B54D9208602A}.Debug|x86.Build.0 = Debug|Any CPU
		{DDC7FF93-3556-41FC-B575-B54D9208602A}.Release|Any CPU.ActiveCfg = Release|Any CPU
		{DDC7FF93-3556-41FC-B575-B54D9208602A}.Release|Any CPU.Build.0 = Release|Any CPU
		{DDC7FF93-3556-41FC-B575-B54D9208602A}.Release|x64.ActiveCfg = Release|Any CPU
		{DDC7FF93-3556-41FC-B575-B54D9208602A}.Release|x64.Build.0 = Release|Any CPU
		{DDC7FF93-3556-41FC-B575-B54D9208602A}.Release|x86.ActiveCfg = Release|Any CPU
		{DDC7FF93-3556-41FC-B575-B54D9208602A}.Release|x86.Build.0 = Release|Any CPU
		{46BE5066-ED42-4EEA-8CAA-E08C068A7E4D}.Debug|Any CPU.ActiveCfg = Debug|Any CPU
		{46BE5066-ED42-4EEA-8CAA-E08C068A7E4D}.Debug|Any CPU.Build.0 = Debug|Any CPU
		{46BE5066-ED42-4EEA-8CAA-E08C068A7E4D}.Debug|x64.ActiveCfg = Debug|Any CPU
		{46BE5066-ED42-4EEA-8CAA-E08C068A7E4D}.Debug|x64.Build.0 = Debug|Any CPU
		{46BE5066-ED42-4EEA-8CAA-E08C068A7E4D}.Debug|x86.ActiveCfg = Debug|Any CPU
		{46BE5066-ED42-4EEA-8CAA-E08C068A7E4D}.Debug|x86.Build.0 = Debug|Any CPU
		{46BE5066-ED42-4EEA-8CAA-E08C068A7E4D}.Release|Any CPU.ActiveCfg = Release|Any CPU
		{46BE5066-ED42-4EEA-8CAA-E08C068A7E4D}.Release|Any CPU.Build.0 = Release|Any CPU
		{46BE5066-ED42-4EEA-8CAA-E08C068A7E4D}.Release|x64.ActiveCfg = Release|Any CPU
		{46BE5066-ED42-4EEA-8CAA-E08C068A7E4D}.Release|x64.Build.0 = Release|Any CPU
		{46BE5066-ED42-4EEA-8CAA-E08C068A7E4D}.Release|x86.ActiveCfg = Release|Any CPU
		{46BE5066-ED42-4EEA-8CAA-E08C068A7E4D}.Release|x86.Build.0 = Release|Any CPU
		{67255FC4-BCC2-4E64-B2C1-861E52D3A9F9}.Debug|Any CPU.ActiveCfg = Debug|Any CPU
		{67255FC4-BCC2-4E64-B2C1-861E52D3A9F9}.Debug|Any CPU.Build.0 = Debug|Any CPU
		{67255FC4-BCC2-4E64-B2C1-861E52D3A9F9}.Debug|x64.ActiveCfg = Debug|Any CPU
		{67255FC4-BCC2-4E64-B2C1-861E52D3A9F9}.Debug|x64.Build.0 = Debug|Any CPU
		{67255FC4-BCC2-4E64-B2C1-861E52D3A9F9}.Debug|x86.ActiveCfg = Debug|Any CPU
		{67255FC4-BCC2-4E64-B2C1-861E52D3A9F9}.Debug|x86.Build.0 = Debug|Any CPU
		{67255FC4-BCC2-4E64-B2C1-861E52D3A9F9}.Release|Any CPU.ActiveCfg = Release|Any CPU
		{67255FC4-BCC2-4E64-B2C1-861E52D3A9F9}.Release|Any CPU.Build.0 = Release|Any CPU
		{67255FC4-BCC2-4E64-B2C1-861E52D3A9F9}.Release|x64.ActiveCfg = Release|Any CPU
		{67255FC4-BCC2-4E64-B2C1-861E52D3A9F9}.Release|x64.Build.0 = Release|Any CPU
		{67255FC4-BCC2-4E64-B2C1-861E52D3A9F9}.Release|x86.ActiveCfg = Release|Any CPU
		{67255FC4-BCC2-4E64-B2C1-861E52D3A9F9}.Release|x86.Build.0 = Release|Any CPU
		{2C668A3F-4BE1-4493-98DE-F90C3A135464}.Debug|Any CPU.ActiveCfg = Debug|Any CPU
		{2C668A3F-4BE1-4493-98DE-F90C3A135464}.Debug|Any CPU.Build.0 = Debug|Any CPU
		{2C668A3F-4BE1-4493-98DE-F90C3A135464}.Debug|x64.ActiveCfg = Debug|Any CPU
		{2C668A3F-4BE1-4493-98DE-F90C3A135464}.Debug|x64.Build.0 = Debug|Any CPU
		{2C668A3F-4BE1-4493-98DE-F90C3A135464}.Debug|x86.ActiveCfg = Debug|Any CPU
		{2C668A3F-4BE1-4493-98DE-F90C3A135464}.Debug|x86.Build.0 = Debug|Any CPU
		{2C668A3F-4BE1-4493-98DE-F90C3A135464}.Release|Any CPU.ActiveCfg = Release|Any CPU
		{2C668A3F-4BE1-4493-98DE-F90C3A135464}.Release|Any CPU.Build.0 = Release|Any CPU
		{2C668A3F-4BE1-4493-98DE-F90C3A135464}.Release|x64.ActiveCfg = Release|Any CPU
		{2C668A3F-4BE1-4493-98DE-F90C3A135464}.Release|x64.Build.0 = Release|Any CPU
		{2C668A3F-4BE1-4493-98DE-F90C3A135464}.Release|x86.ActiveCfg = Release|Any CPU
		{2C668A3F-4BE1-4493-98DE-F90C3A135464}.Release|x86.Build.0 = Release|Any CPU
		{2A0C62E0-59A2-4200-8952-A0E4EBB44CE0}.Debug|Any CPU.ActiveCfg = Debug|Any CPU
		{2A0C62E0-59A2-4200-8952-A0E4EBB44CE0}.Debug|Any CPU.Build.0 = Debug|Any CPU
		{2A0C62E0-59A2-4200-8952-A0E4EBB44CE0}.Debug|x64.ActiveCfg = Debug|Any CPU
		{2A0C62E0-59A2-4200-8952-A0E4EBB44CE0}.Debug|x64.Build.0 = Debug|Any CPU
		{2A0C62E0-59A2-4200-8952-A0E4EBB44CE0}.Debug|x86.ActiveCfg = Debug|Any CPU
		{2A0C62E0-59A2-4200-8952-A0E4EBB44CE0}.Debug|x86.Build.0 = Debug|Any CPU
		{2A0C62E0-59A2-4200-8952-A0E4EBB44CE0}.Release|Any CPU.ActiveCfg = Release|Any CPU
		{2A0C62E0-59A2-4200-8952-A0E4EBB44CE0}.Release|Any CPU.Build.0 = Release|Any CPU
		{2A0C62E0-59A2-4200-8952-A0E4EBB44CE0}.Release|x64.ActiveCfg = Release|Any CPU
		{2A0C62E0-59A2-4200-8952-A0E4EBB44CE0}.Release|x64.Build.0 = Release|Any CPU
		{2A0C62E0-59A2-4200-8952-A0E4EBB44CE0}.Release|x86.ActiveCfg = Release|Any CPU
		{2A0C62E0-59A2-4200-8952-A0E4EBB44CE0}.Release|x86.Build.0 = Release|Any CPU
	EndGlobalSection
	GlobalSection(SolutionProperties) = preSolution
		HideSolutionNode = FALSE
	EndGlobalSection
EndGlobal
