
Microsoft Visual Studio Solution File, Format Version 12.00
# Visual Studio Version 17
VisualStudioVersion = 17.0.31903.59
MinimumVisualStudioVersion = 10.0.40219.1
Project("{2150E333-8FDC-42A3-9474-1A3956D46DE8}") = "backend", "backend", "{1AE8ACA6-933B-BF2A-3671-3E2EAC007D16}"
EndProject
Project("{FAE04EC0-301F-11D3-BF4B-00C04F79EFBC}") = "Hrm.Domain.Shared", "backend\Hrm.Domain.Shared\Hrm.Domain.Shared.csproj", "{46F5EE32-FF4E-4AC1-B770-3E43FA9645C2}"
EndProject
Project("{FAE04EC0-301F-11D3-BF4B-00C04F79EFBC}") = "Hrm.Domain", "backend\Hrm.Domain\Hrm.Domain.csproj", "{B95AD05E-6801-43B9-9752-9631104511E4}"
EndProject
Project("{FAE04EC0-301F-11D3-BF4B-00C04F79EFBC}") = "Hrm.Application", "backend\Hrm.Application\Hrm.Application.csproj", "{77F65EB1-FC3F-4E63-94C9-1A3E25FFF3B7}"
EndProject
Project("{FAE04EC0-301F-11D3-BF4B-00C04F79EFBC}") = "Hrm.Infrastructure", "backend\Hrm.Infrastructure\Hrm.Infrastructure.csproj", "{FA4EEF19-33E2-4691-9124-20EC92C35D6C}"
EndProject
Project("{FAE04EC0-301F-11D3-BF4B-00C04F79EFBC}") = "Hrm.Host", "backend\Hrm.Host\Hrm.Host.csproj", "{1D9672B9-2B4E-4055-8CD9-F801C483311E}"
EndProject
Project("{2150E333-8FDC-42A3-9474-1A3956D46DE8}") = "unittest", "unittest", "{48F45164-4FC6-2D6D-9FD6-B37E6140D6A8}"
EndProject
Project("{FAE04EC0-301F-11D3-BF4B-00C04F79EFBC}") = "Hrm.Domain.Tests", "unittest\Hrm.Domain.Tests\Hrm.Domain.Tests.csproj", "{51005CA5-EFB5-4305-AB27-5682239E8994}"
EndProject
Project("{FAE04EC0-301F-11D3-BF4B-00C04F79EFBC}") = "Hrm.Application.Tests", "unittest\Hrm.Application.Tests\Hrm.Application.Tests.csproj", "{92BDF8C0-EC75-4131-A59C-AE9BE7A61E9C}"
EndProject
Global
	GlobalSection(SolutionConfigurationPlatforms) = preSolution
		Debug|Any CPU = Debug|Any CPU
		Debug|x64 = Debug|x64
		Debug|x86 = Debug|x86
		Release|Any CPU = Release|Any CPU
		Release|x64 = Release|x64
		Release|x86 = Release|x86
	EndGlobalSection
	GlobalSection(ProjectConfigurationPlatforms) = postSolution
		{46F5EE32-FF4E-4AC1-B770-3E43FA9645C2}.Debug|Any CPU.ActiveCfg = Debug|Any CPU
		{46F5EE32-FF4E-4AC1-B770-3E43FA9645C2}.Debug|Any CPU.Build.0 = Debug|Any CPU
		{46F5EE32-FF4E-4AC1-B770-3E43FA9645C2}.Debug|x64.ActiveCfg = Debug|Any CPU
		{46F5EE32-FF4E-4AC1-B770-3E43FA9645C2}.Debug|x64.Build.0 = Debug|Any CPU
		{46F5EE32-FF4E-4AC1-B770-3E43FA9645C2}.Debug|x86.ActiveCfg = Debug|Any CPU
		{46F5EE32-FF4E-4AC1-B770-3E43FA9645C2}.Debug|x86.Build.0 = Debug|Any CPU
		{46F5EE32-FF4E-4AC1-B770-3E43FA9645C2}.Release|Any CPU.ActiveCfg = Release|Any CPU
		{46F5EE32-FF4E-4AC1-B770-3E43FA9645C2}.Release|Any CPU.Build.0 = Release|Any CPU
		{46F5EE32-FF4E-4AC1-B770-3E43FA9645C2}.Release|x64.ActiveCfg = Release|Any CPU
		{46F5EE32-FF4E-4AC1-B770-3E43FA9645C2}.Release|x64.Build.0 = Release|Any CPU
		{46F5EE32-FF4E-4AC1-B770-3E43FA9645C2}.Release|x86.ActiveCfg = Release|Any CPU
		{46F5EE32-FF4E-4AC1-B770-3E43FA9645C2}.Release|x86.Build.0 = Release|Any CPU
		{B95AD05E-6801-43B9-9752-9631104511E4}.Debug|Any CPU.ActiveCfg = Debug|Any CPU
		{B95AD05E-6801-43B9-9752-9631104511E4}.Debug|Any CPU.Build.0 = Debug|Any CPU
		{B95AD05E-6801-43B9-9752-9631104511E4}.Debug|x64.ActiveCfg = Debug|Any CPU
		{B95AD05E-6801-43B9-9752-9631104511E4}.Debug|x64.Build.0 = Debug|Any CPU
		{B95AD05E-6801-43B9-9752-9631104511E4}.Debug|x86.ActiveCfg = Debug|Any CPU
		{B95AD05E-6801-43B9-9752-9631104511E4}.Debug|x86.Build.0 = Debug|Any CPU
		{B95AD05E-6801-43B9-9752-9631104511E4}.Release|Any CPU.ActiveCfg = Release|Any CPU
		{B95AD05E-6801-43B9-9752-9631104511E4}.Release|Any CPU.Build.0 = Release|Any CPU
		{B95AD05E-6801-43B9-9752-9631104511E4}.Release|x64.ActiveCfg = Release|Any CPU
		{B95AD05E-6801-43B9-9752-9631104511E4}.Release|x64.Build.0 = Release|Any CPU
		{B95AD05E-6801-43B9-9752-9631104511E4}.Release|x86.ActiveCfg = Release|Any CPU
		{B95AD05E-6801-43B9-9752-9631104511E4}.Release|x86.Build.0 = Release|Any CPU
		{77F65EB1-FC3F-4E63-94C9-1A3E25FFF3B7}.Debug|Any CPU.ActiveCfg = Debug|Any CPU
		{77F65EB1-FC3F-4E63-94C9-1A3E25FFF3B7}.Debug|Any CPU.Build.0 = Debug|Any CPU
		{77F65EB1-FC3F-4E63-94C9-1A3E25FFF3B7}.Debug|x64.ActiveCfg = Debug|Any CPU
		{77F65EB1-FC3F-4E63-94C9-1A3E25FFF3B7}.Debug|x64.Build.0 = Debug|Any CPU
		{77F65EB1-FC3F-4E63-94C9-1A3E25FFF3B7}.Debug|x86.ActiveCfg = Debug|Any CPU
		{77F65EB1-FC3F-4E63-94C9-1A3E25FFF3B7}.Debug|x86.Build.0 = Debug|Any CPU
		{77F65EB1-FC3F-4E63-94C9-1A3E25FFF3B7}.Release|Any CPU.ActiveCfg = Release|Any CPU
		{77F65EB1-FC3F-4E63-94C9-1A3E25FFF3B7}.Release|Any CPU.Build.0 = Release|Any CPU
		{77F65EB1-FC3F-4E63-94C9-1A3E25FFF3B7}.Release|x64.ActiveCfg = Release|Any CPU
		{77F65EB1-FC3F-4E63-94C9-1A3E25FFF3B7}.Release|x64.Build.0 = Release|Any CPU
		{77F65EB1-FC3F-4E63-94C9-1A3E25FFF3B7}.Release|x86.ActiveCfg = Release|Any CPU
		{77F65EB1-FC3F-4E63-94C9-1A3E25FFF3B7}.Release|x86.Build.0 = Release|Any CPU
		{FA4EEF19-33E2-4691-9124-20EC92C35D6C}.Debug|Any CPU.ActiveCfg = Debug|Any CPU
		{FA4EEF19-33E2-4691-9124-20EC92C35D6C}.Debug|Any CPU.Build.0 = Debug|Any CPU
		{FA4EEF19-33E2-4691-9124-20EC92C35D6C}.Debug|x64.ActiveCfg = Debug|Any CPU
		{FA4EEF19-33E2-4691-9124-20EC92C35D6C}.Debug|x64.Build.0 = Debug|Any CPU
		{FA4EEF19-33E2-4691-9124-20EC92C35D6C}.Debug|x86.ActiveCfg = Debug|Any CPU
		{FA4EEF19-33E2-4691-9124-20EC92C35D6C}.Debug|x86.Build.0 = Debug|Any CPU
		{FA4EEF19-33E2-4691-9124-20EC92C35D6C}.Release|Any CPU.ActiveCfg = Release|Any CPU
		{FA4EEF19-33E2-4691-9124-20EC92C35D6C}.Release|Any CPU.Build.0 = Release|Any CPU
		{FA4EEF19-33E2-4691-9124-20EC92C35D6C}.Release|x64.ActiveCfg = Release|Any CPU
		{FA4EEF19-33E2-4691-9124-20EC92C35D6C}.Release|x64.Build.0 = Release|Any CPU
		{FA4EEF19-33E2-4691-9124-20EC92C35D6C}.Release|x86.ActiveCfg = Release|Any CPU
		{FA4EEF19-33E2-4691-9124-20EC92C35D6C}.Release|x86.Build.0 = Release|Any CPU
		{1D9672B9-2B4E-4055-8CD9-F801C483311E}.Debug|Any CPU.ActiveCfg = Debug|Any CPU
		{1D9672B9-2B4E-4055-8CD9-F801C483311E}.Debug|Any CPU.Build.0 = Debug|Any CPU
		{1D9672B9-2B4E-4055-8CD9-F801C483311E}.Debug|x64.ActiveCfg = Debug|Any CPU
		{1D9672B9-2B4E-4055-8CD9-F801C483311E}.Debug|x64.Build.0 = Debug|Any CPU
		{1D9672B9-2B4E-4055-8CD9-F801C483311E}.Debug|x86.ActiveCfg = Debug|Any CPU
		{1D9672B9-2B4E-4055-8CD9-F801C483311E}.Debug|x86.Build.0 = Debug|Any CPU
		{1D9672B9-2B4E-4055-8CD9-F801C483311E}.Release|Any CPU.ActiveCfg = Release|Any CPU
		{1D9672B9-2B4E-4055-8CD9-F801C483311E}.Release|Any CPU.Build.0 = Release|Any CPU
		{1D9672B9-2B4E-4055-8CD9-F801C483311E}.Release|x64.ActiveCfg = Release|Any CPU
		{1D9672B9-2B4E-4055-8CD9-F801C483311E}.Release|x64.Build.0 = Release|Any CPU
		{1D9672B9-2B4E-4055-8CD9-F801C483311E}.Release|x86.ActiveCfg = Release|Any CPU
		{1D9672B9-2B4E-4055-8CD9-F801C483311E}.Release|x86.Build.0 = Release|Any CPU
		{51005CA5-EFB5-4305-AB27-5682239E8994}.Debug|Any CPU.ActiveCfg = Debug|Any CPU
		{51005CA5-EFB5-4305-AB27-5682239E8994}.Debug|Any CPU.Build.0 = Debug|Any CPU
		{51005CA5-EFB5-4305-AB27-5682239E8994}.Debug|x64.ActiveCfg = Debug|Any CPU
		{51005CA5-EFB5-4305-AB27-5682239E8994}.Debug|x64.Build.0 = Debug|Any CPU
		{51005CA5-EFB5-4305-AB27-5682239E8994}.Debug|x86.ActiveCfg = Debug|Any CPU
		{51005CA5-EFB5-4305-AB27-5682239E8994}.Debug|x86.Build.0 = Debug|Any CPU
		{51005CA5-EFB5-4305-AB27-5682239E8994}.Release|Any CPU.ActiveCfg = Release|Any CPU
		{51005CA5-EFB5-4305-AB27-5682239E8994}.Release|Any CPU.Build.0 = Release|Any CPU
		{51005CA5-EFB5-4305-AB27-5682239E8994}.Release|x64.ActiveCfg = Release|Any CPU
		{51005CA5-EFB5-4305-AB27-5682239E8994}.Release|x64.Build.0 = Release|Any CPU
		{51005CA5-EFB5-4305-AB27-5682239E8994}.Release|x86.ActiveCfg = Release|Any CPU
		{51005CA5-EFB5-4305-AB27-5682239E8994}.Release|x86.Build.0 = Release|Any CPU
		{92BDF8C0-EC75-4131-A59C-AE9BE7A61E9C}.Debug|Any CPU.ActiveCfg = Debug|Any CPU
		{92BDF8C0-EC75-4131-A59C-AE9BE7A61E9C}.Debug|Any CPU.Build.0 = Debug|Any CPU
		{92BDF8C0-EC75-4131-A59C-AE9BE7A61E9C}.Debug|x64.ActiveCfg = Debug|Any CPU
		{92BDF8C0-EC75-4131-A59C-AE9BE7A61E9C}.Debug|x64.Build.0 = Debug|Any CPU
		{92BDF8C0-EC75-4131-A59C-AE9BE7A61E9C}.Debug|x86.ActiveCfg = Debug|Any CPU
		{92BDF8C0-EC75-4131-A59C-AE9BE7A61E9C}.Debug|x86.Build.0 = Debug|Any CPU
		{92BDF8C0-EC75-4131-A59C-AE9BE7A61E9C}.Release|Any CPU.ActiveCfg = Release|Any CPU
		{92BDF8C0-EC75-4131-A59C-AE9BE7A61E9C}.Release|Any CPU.Build.0 = Release|Any CPU
		{92BDF8C0-EC75-4131-A59C-AE9BE7A61E9C}.Release|x64.ActiveCfg = Release|Any CPU
		{92BDF8C0-EC75-4131-A59C-AE9BE7A61E9C}.Release|x64.Build.0 = Release|Any CPU
		{92BDF8C0-EC75-4131-A59C-AE9BE7A61E9C}.Release|x86.ActiveCfg = Release|Any CPU
		{92BDF8C0-EC75-4131-A59C-AE9BE7A61E9C}.Release|x86.Build.0 = Release|Any CPU
	EndGlobalSection
	GlobalSection(SolutionProperties) = preSolution
		HideSolutionNode = FALSE
	EndGlobalSection
	GlobalSection(NestedProjects) = preSolution
		{46F5EE32-FF4E-4AC1-B770-3E43FA9645C2} = {1AE8ACA6-933B-BF2A-3671-3E2EAC007D16}
		{B95AD05E-6801-43B9-9752-9631104511E4} = {1AE8ACA6-933B-BF2A-3671-3E2EAC007D16}
		{77F65EB1-FC3F-4E63-94C9-1A3E25FFF3B7} = {1AE8ACA6-933B-BF2A-3671-3E2EAC007D16}
		{FA4EEF19-33E2-4691-9124-20EC92C35D6C} = {1AE8ACA6-933B-BF2A-3671-3E2EAC007D16}
		{1D9672B9-2B4E-4055-8CD9-F801C483311E} = {1AE8ACA6-933B-BF2A-3671-3E2EAC007D16}
		{51005CA5-EFB5-4305-AB27-5682239E8994} = {48F45164-4FC6-2D6D-9FD6-B37E6140D6A8}
		{92BDF8C0-EC75-4131-A59C-AE9BE7A61E9C} = {48F45164-4FC6-2D6D-9FD6-B37E6140D6A8}
	EndGlobalSection
EndGlobal
